
Microsoft Visual Studio Solution File, Format Version 12.00
# Visual Studio Version 17
VisualStudioVersion = 17.4.33103.184
MinimumVisualStudioVersion = 10.0.40219.1
Project("{FAE04EC0-301F-11D3-BF4B-00C04F79EFBC}") = "Fitness", "Fitness.csproj", "{28FFFEC6-AB29-4AB5-B647-DCA9E948493A}"
EndProject
Global
	GlobalSection(SolutionConfigurationPlatforms) = preSolution
		Debug|Any CPU = Debug|Any CPU
		Release|Any CPU = Release|Any CPU
	EndGlobalSection
	GlobalSection(ProjectConfigurationPlatforms) = postSolution
		{28FFFEC6-AB29-4AB5-B647-DCA9E948493A}.Debug|Any CPU.ActiveCfg = Debug|Any CPU
		{28FFFEC6-AB29-4AB5-B647-DCA9E948493A}.Debug|Any CPU.Build.0 = Debug|Any CPU
		{28FFFEC6-AB29-4AB5-B647-DCA9E948493A}.Release|Any CPU.ActiveCfg = Release|Any CPU
		{28FFFEC6-AB29-4AB5-B647-DCA9E948493A}.Release|Any CPU.Build.0 = Release|Any CPU
	EndGlobalSection
	GlobalSection(SolutionProperties) = preSolution
		HideSolutionNode = FALSE
	EndGlobalSection
	GlobalSection(ExtensibilityGlobals) = postSolution
		SolutionGuid = {9DF670A2-C9BB-4F93-BC4C-10AA9023C319}
	EndGlobalSection
EndGlobal
